
Microsoft Visual Studio Solution File, Format Version 12.00
# Visual Studio Version 17
VisualStudioVersion = 17.5.33502.453
MinimumVisualStudioVersion = 10.0.40219.1
Project("{FAE04EC0-301F-11D3-BF4B-00C04F79EFBC}") = "HotelGame.Entities", "HotelGame.Entities\HotelGame.Entities.csproj", "{8F1DB5DF-D331-4E1E-9803-DC284BED6A65}"
	ProjectSection(ProjectDependencies) = postProject
		{C8D1EF48-6CE9-413B-9ABF-7D575552489B} = {C8D1EF48-6CE9-413B-9ABF-7D575552489B}
	EndProjectSection
EndProject
Project("{FAE04EC0-301F-11D3-BF4B-00C04F79EFBC}") = "HotelGame.Business", "HotelGame.Business\HotelGame.Business.csproj", "{4D0DC207-6BF2-4DA8-A38F-97A9C7C22D5F}"
EndProject
Project("{FAE04EC0-301F-11D3-BF4B-00C04F79EFBC}") = "HotelGame.DataAccess", "HotelGame.DataAccess\HotelGame.DataAccess.csproj", "{F9B9DBC0-0AD1-4602-9364-00E736D601F5}"
EndProject
Project("{FAE04EC0-301F-11D3-BF4B-00C04F79EFBC}") = "HotelGame.Core", "HotelGame.Core\HotelGame.Core.csproj", "{C8D1EF48-6CE9-413B-9ABF-7D575552489B}"
EndProject
Project("{FAE04EC0-301F-11D3-BF4B-00C04F79EFBC}") = "HotelGame.WebMVC", "HotelGame.WebMVC\HotelGame.WebMVC.csproj", "{AB8D010A-685F-4006-9946-860B745923D8}"
EndProject
Global
	GlobalSection(SolutionConfigurationPlatforms) = preSolution
		Debug|Any CPU = Debug|Any CPU
		Release|Any CPU = Release|Any CPU
	EndGlobalSection
	GlobalSection(ProjectConfigurationPlatforms) = postSolution
		{8F1DB5DF-D331-4E1E-9803-DC284BED6A65}.Debug|Any CPU.ActiveCfg = Debug|Any CPU
		{8F1DB5DF-D331-4E1E-9803-DC284BED6A65}.Debug|Any CPU.Build.0 = Debug|Any CPU
		{8F1DB5DF-D331-4E1E-9803-DC284BED6A65}.Release|Any CPU.ActiveCfg = Release|Any CPU
		{8F1DB5DF-D331-4E1E-9803-DC284BED6A65}.Release|Any CPU.Build.0 = Release|Any CPU
		{4D0DC207-6BF2-4DA8-A38F-97A9C7C22D5F}.Debug|Any CPU.ActiveCfg = Debug|Any CPU
		{4D0DC207-6BF2-4DA8-A38F-97A9C7C22D5F}.Debug|Any CPU.Build.0 = Debug|Any CPU
		{4D0DC207-6BF2-4DA8-A38F-97A9C7C22D5F}.Release|Any CPU.ActiveCfg = Release|Any CPU
		{4D0DC207-6BF2-4DA8-A38F-97A9C7C22D5F}.Release|Any CPU.Build.0 = Release|Any CPU
		{F9B9DBC0-0AD1-4602-9364-00E736D601F5}.Debug|Any CPU.ActiveCfg = Debug|Any CPU
		{F9B9DBC0-0AD1-4602-9364-00E736D601F5}.Debug|Any CPU.Build.0 = Debug|Any CPU
		{F9B9DBC0-0AD1-4602-9364-00E736D601F5}.Release|Any CPU.ActiveCfg = Release|Any CPU
		{F9B9DBC0-0AD1-4602-9364-00E736D601F5}.Release|Any CPU.Build.0 = Release|Any CPU
		{C8D1EF48-6CE9-413B-9ABF-7D575552489B}.Debug|Any CPU.ActiveCfg = Debug|Any CPU
		{C8D1EF48-6CE9-413B-9ABF-7D575552489B}.Debug|Any CPU.Build.0 = Debug|Any CPU
		{C8D1EF48-6CE9-413B-9ABF-7D575552489B}.Release|Any CPU.ActiveCfg = Release|Any CPU
		{C8D1EF48-6CE9-413B-9ABF-7D575552489B}.Release|Any CPU.Build.0 = Release|Any CPU
		{AB8D010A-685F-4006-9946-860B745923D8}.Debug|Any CPU.ActiveCfg = Debug|Any CPU
		{AB8D010A-685F-4006-9946-860B745923D8}.Debug|Any CPU.Build.0 = Debug|Any CPU
		{AB8D010A-685F-4006-9946-860B745923D8}.Release|Any CPU.ActiveCfg = Release|Any CPU
		{AB8D010A-685F-4006-9946-860B745923D8}.Release|Any CPU.Build.0 = Release|Any CPU
	EndGlobalSection
	GlobalSection(SolutionProperties) = preSolution
		HideSolutionNode = FALSE
	EndGlobalSection
	GlobalSection(ExtensibilityGlobals) = postSolution
		SolutionGuid = {EDD337CC-0A69-4E64-B945-C97628604E4B}
	EndGlobalSection
EndGlobal
